
Microsoft Visual Studio Solution File, Format Version 12.00
# Visual Studio 15
VisualStudioVersion = 15.0.28010.2026
MinimumVisualStudioVersion = 10.0.40219.1
Project("{FAE04EC0-301F-11D3-BF4B-00C04F79EFBC}") = "Properties", "Properties\Properties.csproj", "{A4FC04A1-09D1-480E-B885-5AAD29170FD7}"
EndProject
Global
	GlobalSection(SolutionConfigurationPlatforms) = preSolution
		Debug|Any CPU = Debug|Any CPU
		Release|Any CPU = Release|Any CPU
	EndGlobalSection
	GlobalSection(ProjectConfigurationPlatforms) = postSolution
		{A4FC04A1-09D1-480E-B885-5AAD29170FD7}.Debug|Any CPU.ActiveCfg = Debug|Any CPU
		{A4FC04A1-09D1-480E-B885-5AAD29170FD7}.Debug|Any CPU.Build.0 = Debug|Any CPU
		{A4FC04A1-09D1-480E-B885-5AAD29170FD7}.Release|Any CPU.ActiveCfg = Release|Any CPU
		{A4FC04A1-09D1-480E-B885-5AAD29170FD7}.Release|Any CPU.Build.0 = Release|Any CPU
	EndGlobalSection
	GlobalSection(SolutionProperties) = preSolution
		HideSolutionNode = FALSE
	EndGlobalSection
	GlobalSection(ExtensibilityGlobals) = postSolution
		SolutionGuid = {D77E8548-FB22-4FD1-868B-C8AD59817A01}
	EndGlobalSection
EndGlobal
